
Microsoft Visual Studio Solution File, Format Version 12.00
# Visual Studio 15
VisualStudioVersion = 15.0.26124.0
MinimumVisualStudioVersion = 15.0.26124.0
Project("{FAE04EC0-301F-11D3-BF4B-00C04F79EFBC}") = "Infrastructure", "Infrastructure\Infrastructure.csproj", "{0CD2D4D6-E84A-4AD0-B22B-C757A0EE7719}"
EndProject
Project("{FAE04EC0-301F-11D3-BF4B-00C04F79EFBC}") = "SampleLambda", "SampleLambda\src\SampleLambda\SampleLambda.csproj", "{FB089741-8D9D-4155-93F5-43CDAF32B069}"
EndProject
Global
	GlobalSection(SolutionConfigurationPlatforms) = preSolution
		Debug|Any CPU = Debug|Any CPU
		Debug|x64 = Debug|x64
		Debug|x86 = Debug|x86
		Release|Any CPU = Release|Any CPU
		Release|x64 = Release|x64
		Release|x86 = Release|x86
	EndGlobalSection
	GlobalSection(SolutionProperties) = preSolution
		HideSolutionNode = FALSE
	EndGlobalSection
	GlobalSection(ProjectConfigurationPlatforms) = postSolution
		{0CD2D4D6-E84A-4AD0-B22B-C757A0EE7719}.Debug|Any CPU.ActiveCfg = Debug|Any CPU
		{0CD2D4D6-E84A-4AD0-B22B-C757A0EE7719}.Debug|Any CPU.Build.0 = Debug|Any CPU
		{0CD2D4D6-E84A-4AD0-B22B-C757A0EE7719}.Debug|x64.ActiveCfg = Debug|Any CPU
		{0CD2D4D6-E84A-4AD0-B22B-C757A0EE7719}.Debug|x64.Build.0 = Debug|Any CPU
		{0CD2D4D6-E84A-4AD0-B22B-C757A0EE7719}.Debug|x86.ActiveCfg = Debug|Any CPU
		{0CD2D4D6-E84A-4AD0-B22B-C757A0EE7719}.Debug|x86.Build.0 = Debug|Any CPU
		{0CD2D4D6-E84A-4AD0-B22B-C757A0EE7719}.Release|Any CPU.ActiveCfg = Release|Any CPU
		{0CD2D4D6-E84A-4AD0-B22B-C757A0EE7719}.Release|Any CPU.Build.0 = Release|Any CPU
		{0CD2D4D6-E84A-4AD0-B22B-C757A0EE7719}.Release|x64.ActiveCfg = Release|Any CPU
		{0CD2D4D6-E84A-4AD0-B22B-C757A0EE7719}.Release|x64.Build.0 = Release|Any CPU
		{0CD2D4D6-E84A-4AD0-B22B-C757A0EE7719}.Release|x86.ActiveCfg = Release|Any CPU
		{0CD2D4D6-E84A-4AD0-B22B-C757A0EE7719}.Release|x86.Build.0 = Release|Any CPU
		{FB089741-8D9D-4155-93F5-43CDAF32B069}.Debug|Any CPU.ActiveCfg = Debug|Any CPU
		{FB089741-8D9D-4155-93F5-43CDAF32B069}.Debug|Any CPU.Build.0 = Debug|Any CPU
		{FB089741-8D9D-4155-93F5-43CDAF32B069}.Debug|x64.ActiveCfg = Debug|Any CPU
		{FB089741-8D9D-4155-93F5-43CDAF32B069}.Debug|x64.Build.0 = Debug|Any CPU
		{FB089741-8D9D-4155-93F5-43CDAF32B069}.Debug|x86.ActiveCfg = Debug|Any CPU
		{FB089741-8D9D-4155-93F5-43CDAF32B069}.Debug|x86.Build.0 = Debug|Any CPU
		{FB089741-8D9D-4155-93F5-43CDAF32B069}.Release|Any CPU.ActiveCfg = Release|Any CPU
		{FB089741-8D9D-4155-93F5-43CDAF32B069}.Release|Any CPU.Build.0 = Release|Any CPU
		{FB089741-8D9D-4155-93F5-43CDAF32B069}.Release|x64.ActiveCfg = Release|Any CPU
		{FB089741-8D9D-4155-93F5-43CDAF32B069}.Release|x64.Build.0 = Release|Any CPU
		{FB089741-8D9D-4155-93F5-43CDAF32B069}.Release|x86.ActiveCfg = Release|Any CPU
		{FB089741-8D9D-4155-93F5-43CDAF32B069}.Release|x86.Build.0 = Release|Any CPU
	EndGlobalSection
EndGlobal
