{
  "name": "websocket-chat-sample",
  "lockfileVersion": 2,
  "requires": true,
  "packages": {
    "": {
      "dependencies": {
        "@ngrx/router-store": "^13.0.2",
        "@ngrx/store": "^13.0.2",
        "ngx-cookie-service": "^13.1.2"
      }
    },
    "node_modules/@angular/common": {
      "version": "13.2.5",
      "resolved": "https://registry.npmjs.org/@angular/common/-/common-13.2.5.tgz",
      "integrity": "sha512-px2qZP8Fd2qYbCVWmgLmop2OBQ/LKU2Oq8U/La2EEo8kgVuNWNTxmIh826cgZK/v9VQw8b/EoU7PeEjSWz0Zow==",
      "peer": true,
      "dependencies": {
        "tslib": "^2.3.0"
      },
      "engines": {
        "node": "^12.20.0 || ^14.15.0 || >=16.10.0"
      },
      "peerDependencies": {
        "@angular/core": "13.2.5",
        "rxjs": "^6.5.3 || ^7.4.0"
      }
    },
    "node_modules/@angular/core": {
      "version": "13.2.5",
      "resolved": "https://registry.npmjs.org/@angular/core/-/core-13.2.5.tgz",
      "integrity": "sha512-4CC69JQbgyETJR6xsQk6hOQqb6fBGZ/Qc333x0hwRDBbGnYE6hQehDibV+Apljea8YjV+NX6VmyOvPvHhtL4PQ==",
      "peer": true,
      "dependencies": {
        "tslib": "^2.3.0"
      },
      "engines": {
        "node": "^12.20.0 || ^14.15.0 || >=16.10.0"
      },
      "peerDependencies": {
        "rxjs": "^6.5.3 || ^7.4.0",
        "zone.js": "~0.11.4"
      }
    },
    "node_modules/@angular/platform-browser": {
      "version": "13.2.5",
      "resolved": "https://registry.npmjs.org/@angular/platform-browser/-/platform-browser-13.2.5.tgz",
      "integrity": "sha512-/M8ZpBftXC6vXDpxop1mLfbkvP2naUHBJmMRAQkJMLN4UlZKP3J+yjC8CN8uzQx0Y6Zt3G+LrGdOWYD9IRXBvw==",
      "peer": true,
      "dependencies": {
        "tslib": "^2.3.0"
      },
      "engines": {
        "node": "^12.20.0 || ^14.15.0 || >=16.10.0"
      },
      "peerDependencies": {
        "@angular/animations": "13.2.5",
        "@angular/common": "13.2.5",
        "@angular/core": "13.2.5"
      },
      "peerDependenciesMeta": {
        "@angular/animations": {
          "optional": true
        }
      }
    },
    "node_modules/@angular/router": {
      "version": "13.2.5",
      "resolved": "https://registry.npmjs.org/@angular/router/-/router-13.2.5.tgz",
      "integrity": "sha512-R0U8/QR8YbVeDuvGHpdf61hygVVBbD8j5pIr+kD8vUmYYnn3447XdZg9zkQ9qaQUvBSV0voNIOffUfoP2HaBSw==",
      "peer": true,
      "dependencies": {
        "tslib": "^2.3.0"
      },
      "engines": {
        "node": "^12.20.0 || ^14.15.0 || >=16.10.0"
      },
      "peerDependencies": {
        "@angular/common": "13.2.5",
        "@angular/core": "13.2.5",
        "@angular/platform-browser": "13.2.5",
        "rxjs": "^6.5.3 || ^7.4.0"
      }
    },
    "node_modules/@ngrx/router-store": {
      "version": "13.0.2",
      "resolved": "https://registry.npmjs.org/@ngrx/router-store/-/router-store-13.0.2.tgz",
      "integrity": "sha512-XrzHjrD2hhnXdGeIpQm/msN77hoAL/QD3ZYGFJs3yT5d3x/T3L1JFlra7wC0OlKJkOs6zAh5Kz9cJ94YO/TEtQ==",
      "dependencies": {
        "tslib": "^2.0.0"
      },
      "peerDependencies": {
        "@angular/common": "^13.0.0",
        "@angular/core": "^13.0.0",
        "@angular/router": "^13.0.0",
        "@ngrx/store": "13.0.2",
        "rxjs": "^6.5.3 || ^7.4.0"
      }
    },
    "node_modules/@ngrx/store": {
      "version": "13.0.2",
      "resolved": "https://registry.npmjs.org/@ngrx/store/-/store-13.0.2.tgz",
      "integrity": "sha512-F7tsc3oCvKh+62MKiXTrvSeaxR41u4p8bch3BLjz12F37376rMuBnXf+V1thsPTZ6RB6aycAi821EQYVXFCXZg==",
      "dependencies": {
        "tslib": "^2.0.0"
      },
      "peerDependencies": {
        "@angular/core": "^13.0.0",
        "rxjs": "^6.5.3 || ^7.4.0"
      }
    },
    "node_modules/ngx-cookie-service": {
      "version": "13.1.2",
      "resolved": "https://registry.npmjs.org/ngx-cookie-service/-/ngx-cookie-service-13.1.2.tgz",
      "integrity": "sha512-CInzm1xjI51QA1gCJEnqfDFLnN7w/SzqM5+kGdpI+UiCeHKgYEXpKG1s7lFz4jbLDrL/jHKtrf92t7RGsm66Cg==",
      "dependencies": {
        "tslib": "^2.0.0"
      },
      "peerDependencies": {
        "@angular/common": "^13.0.0",
        "@angular/core": "^13.0.0"
      }
    },
    "node_modules/rxjs": {
      "version": "7.5.5",
      "resolved": "https://registry.npmjs.org/rxjs/-/rxjs-7.5.5.tgz",
      "integrity": "sha512-sy+H0pQofO95VDmFLzyaw9xNJU4KTRSwQIGM6+iG3SypAtCiLDzpeG8sJrNCWn2Up9km+KhkvTdbkrdy+yzZdw==",
      "peer": true,
      "dependencies": {
        "tslib": "^2.1.0"
      }
    },
    "node_modules/tslib": {
      "version": "2.3.1",
      "resolved": "https://registry.npmjs.org/tslib/-/tslib-2.3.1.tgz",
      "integrity": "sha512-77EbyPPpMz+FRFRuAFlWMtmgUWGe9UOG2Z25NqCwiIjRhOf5iKGuzSe5P2w1laq+FkRy4p+PCuVkJSGkzTEKVw=="
    },
    "node_modules/zone.js": {
      "version": "0.11.5",
      "resolved": "https://registry.npmjs.org/zone.js/-/zone.js-0.11.5.tgz",
      "integrity": "sha512-D1/7VxEuQ7xk6z/kAROe4SUbd9CzxY4zOwVGnGHerd/SgLIVU5f4esDzQUsOCeArn933BZfWMKydH7l7dPEp0g==",
      "peer": true,
      "dependencies": {
        "tslib": "^2.3.0"
      }
    }
  },
  "dependencies": {
    "@angular/common": {
      "version": "13.2.5",
      "resolved": "https://registry.npmjs.org/@angular/common/-/common-13.2.5.tgz",
      "integrity": "sha512-px2qZP8Fd2qYbCVWmgLmop2OBQ/LKU2Oq8U/La2EEo8kgVuNWNTxmIh826cgZK/v9VQw8b/EoU7PeEjSWz0Zow==",
      "peer": true,
      "requires": {
        "tslib": "^2.3.0"
      }
    },
    "@angular/core": {
      "version": "13.2.5",
      "resolved": "https://registry.npmjs.org/@angular/core/-/core-13.2.5.tgz",
      "integrity": "sha512-4CC69JQbgyETJR6xsQk6hOQqb6fBGZ/Qc333x0hwRDBbGnYE6hQehDibV+Apljea8YjV+NX6VmyOvPvHhtL4PQ==",
      "peer": true,
      "requires": {
        "tslib": "^2.3.0"
      }
    },
    "@angular/platform-browser": {
      "version": "13.2.5",
      "resolved": "https://registry.npmjs.org/@angular/platform-browser/-/platform-browser-13.2.5.tgz",
      "integrity": "sha512-/M8ZpBftXC6vXDpxop1mLfbkvP2naUHBJmMRAQkJMLN4UlZKP3J+yjC8CN8uzQx0Y6Zt3G+LrGdOWYD9IRXBvw==",
      "peer": true,
      "requires": {
        "tslib": "^2.3.0"
      }
    },
    "@angular/router": {
      "version": "13.2.5",
      "resolved": "https://registry.npmjs.org/@angular/router/-/router-13.2.5.tgz",
      "integrity": "sha512-R0U8/QR8YbVeDuvGHpdf61hygVVBbD8j5pIr+kD8vUmYYnn3447XdZg9zkQ9qaQUvBSV0voNIOffUfoP2HaBSw==",
      "peer": true,
      "requires": {
        "tslib": "^2.3.0"
      }
    },
    "@ngrx/router-store": {
      "version": "13.0.2",
      "resolved": "https://registry.npmjs.org/@ngrx/router-store/-/router-store-13.0.2.tgz",
      "integrity": "sha512-XrzHjrD2hhnXdGeIpQm/msN77hoAL/QD3ZYGFJs3yT5d3x/T3L1JFlra7wC0OlKJkOs6zAh5Kz9cJ94YO/TEtQ==",
      "requires": {
        "tslib": "^2.0.0"
      }
    },
    "@ngrx/store": {
      "version": "13.0.2",
      "resolved": "https://registry.npmjs.org/@ngrx/store/-/store-13.0.2.tgz",
      "integrity": "sha512-F7tsc3oCvKh+62MKiXTrvSeaxR41u4p8bch3BLjz12F37376rMuBnXf+V1thsPTZ6RB6aycAi821EQYVXFCXZg==",
      "requires": {
        "tslib": "^2.0.0"
      }
    },
    "ngx-cookie-service": {
      "version": "13.1.2",
      "resolved": "https://registry.npmjs.org/ngx-cookie-service/-/ngx-cookie-service-13.1.2.tgz",
      "integrity": "sha512-CInzm1xjI51QA1gCJEnqfDFLnN7w/SzqM5+kGdpI+UiCeHKgYEXpKG1s7lFz4jbLDrL/jHKtrf92t7RGsm66Cg==",
      "requires": {
        "tslib": "^2.0.0"
      }
    },
    "rxjs": {
      "version": "7.5.5",
      "resolved": "https://registry.npmjs.org/rxjs/-/rxjs-7.5.5.tgz",
      "integrity": "sha512-sy+H0pQofO95VDmFLzyaw9xNJU4KTRSwQIGM6+iG3SypAtCiLDzpeG8sJrNCWn2Up9km+KhkvTdbkrdy+yzZdw==",
      "peer": true,
      "requires": {
        "tslib": "^2.1.0"
      }
    },
    "tslib": {
      "version": "2.3.1",
      "resolved": "https://registry.npmjs.org/tslib/-/tslib-2.3.1.tgz",
      "integrity": "sha512-77EbyPPpMz+FRFRuAFlWMtmgUWGe9UOG2Z25NqCwiIjRhOf5iKGuzSe5P2w1laq+FkRy4p+PCuVkJSGkzTEKVw=="
    },
    "zone.js": {
      "version": "0.11.5",
      "resolved": "https://registry.npmjs.org/zone.js/-/zone.js-0.11.5.tgz",
      "integrity": "sha512-D1/7VxEuQ7xk6z/kAROe4SUbd9CzxY4zOwVGnGHerd/SgLIVU5f4esDzQUsOCeArn933BZfWMKydH7l7dPEp0g==",
      "peer": true,
      "requires": {
        "tslib": "^2.3.0"
      }
    }
  }
}
