
Microsoft Visual Studio Solution File, Format Version 12.00
# Visual Studio 15
VisualStudioVersion = 15.0.26124.0
MinimumVisualStudioVersion = 15.0.26124.0
Project("{FAE04EC0-301F-11D3-BF4B-00C04F79EFBC}") = "Infrastructure", "Infrastructure\Infrastructure.csproj", "{0CD2D4D6-E84A-4AD0-B22B-C757A0EE7719}"
EndProject
Project("{FAE04EC0-301F-11D3-BF4B-00C04F79EFBC}") = "OnConnect", "OnConnect\src\OnConnect\OnConnect.csproj", "{FA135893-4BA8-450F-A6F8-5424529CD52A}"
EndProject
Project("{FAE04EC0-301F-11D3-BF4B-00C04F79EFBC}") = "Shared", "Shared\Shared.csproj", "{03F9394B-09AB-4099-B8D8-7942666F365B}"
EndProject
Project("{FAE04EC0-301F-11D3-BF4B-00C04F79EFBC}") = "OnDisconnect", "OnDisconnect\src\OnDisconnect\OnDisconnect.csproj", "{57362AB2-1819-4B51-AD91-5EAC484A0810}"
EndProject
Project("{FAE04EC0-301F-11D3-BF4B-00C04F79EFBC}") = "OnMessage", "OnMessage\src\OnMessage\OnMessage.csproj", "{4C68E9FF-A433-459E-BC52-DFAEB0F2CDA9}"
EndProject
Project("{FAE04EC0-301F-11D3-BF4B-00C04F79EFBC}") = "StatusBroadcast", "StatusBroadcast\src\StatusBroadcast\StatusBroadcast.csproj", "{98C02F36-E58F-49BF-BF7E-829112A6D35C}"
EndProject
Project("{FAE04EC0-301F-11D3-BF4B-00C04F79EFBC}") = "WebsocketAuthorizer", "WebsocketAuthorizer\src\WebsocketAuthorizer\WebsocketAuthorizer.csproj", "{11B0951B-E30B-4FC8-951E-3ACA50F1EE30}"
EndProject
Project("{FAE04EC0-301F-11D3-BF4B-00C04F79EFBC}") = "Shared.Tests", "Shared.Tests\Shared.Tests.csproj", "{D5BEF9B6-2868-43AB-8137-7D5119D0F172}"
EndProject
Project("{FAE04EC0-301F-11D3-BF4B-00C04F79EFBC}") = "GetConfig", "GetConfig\src\GetConfig\GetConfig.csproj", "{13A7F175-23E7-41B9-B6B0-5711D533A360}"
EndProject
Project("{FAE04EC0-301F-11D3-BF4B-00C04F79EFBC}") = "GetUsers", "GetUsers\src\GetUsers\GetUsers.csproj", "{AB012E2C-8834-42BA-8DB7-2DD694558406}"
EndProject
Project("{FAE04EC0-301F-11D3-BF4B-00C04F79EFBC}") = "GetChannel", "GetChannel\src\GetChannel\GetChannel.csproj", "{429C67A0-138A-44C7-A2E3-E1A632EF84C4}"
EndProject
Project("{FAE04EC0-301F-11D3-BF4B-00C04F79EFBC}") = "GetChannels", "GetChannels\src\GetChannels\GetChannels.csproj", "{FDAD84D3-0743-4690-B24E-485650490169}"
EndProject
Project("{FAE04EC0-301F-11D3-BF4B-00C04F79EFBC}") = "GetChannelMessages", "GetChannelMessages\src\GetChannelMessages\GetChannelMessages.csproj", "{38742147-4816-46D1-BCAF-6C58E5570F26}"
EndProject
Project("{FAE04EC0-301F-11D3-BF4B-00C04F79EFBC}") = "PostChannels", "PostChannels\src\PostChannels\PostChannels.csproj", "{7476C8A1-B984-4325-BEB3-0C5AEEAA9855}"
EndProject
Global
	GlobalSection(SolutionConfigurationPlatforms) = preSolution
		Debug|Any CPU = Debug|Any CPU
		Debug|x64 = Debug|x64
		Debug|x86 = Debug|x86
		Release|Any CPU = Release|Any CPU
		Release|x64 = Release|x64
		Release|x86 = Release|x86
	EndGlobalSection
	GlobalSection(SolutionProperties) = preSolution
		HideSolutionNode = FALSE
	EndGlobalSection
	GlobalSection(ProjectConfigurationPlatforms) = postSolution
		{0CD2D4D6-E84A-4AD0-B22B-C757A0EE7719}.Debug|Any CPU.ActiveCfg = Debug|Any CPU
		{0CD2D4D6-E84A-4AD0-B22B-C757A0EE7719}.Debug|Any CPU.Build.0 = Debug|Any CPU
		{0CD2D4D6-E84A-4AD0-B22B-C757A0EE7719}.Debug|x64.ActiveCfg = Debug|Any CPU
		{0CD2D4D6-E84A-4AD0-B22B-C757A0EE7719}.Debug|x64.Build.0 = Debug|Any CPU
		{0CD2D4D6-E84A-4AD0-B22B-C757A0EE7719}.Debug|x86.ActiveCfg = Debug|Any CPU
		{0CD2D4D6-E84A-4AD0-B22B-C757A0EE7719}.Debug|x86.Build.0 = Debug|Any CPU
		{0CD2D4D6-E84A-4AD0-B22B-C757A0EE7719}.Release|Any CPU.ActiveCfg = Release|Any CPU
		{0CD2D4D6-E84A-4AD0-B22B-C757A0EE7719}.Release|Any CPU.Build.0 = Release|Any CPU
		{0CD2D4D6-E84A-4AD0-B22B-C757A0EE7719}.Release|x64.ActiveCfg = Release|Any CPU
		{0CD2D4D6-E84A-4AD0-B22B-C757A0EE7719}.Release|x64.Build.0 = Release|Any CPU
		{0CD2D4D6-E84A-4AD0-B22B-C757A0EE7719}.Release|x86.ActiveCfg = Release|Any CPU
		{0CD2D4D6-E84A-4AD0-B22B-C757A0EE7719}.Release|x86.Build.0 = Release|Any CPU
		{FA135893-4BA8-450F-A6F8-5424529CD52A}.Debug|Any CPU.ActiveCfg = Debug|Any CPU
		{FA135893-4BA8-450F-A6F8-5424529CD52A}.Debug|Any CPU.Build.0 = Debug|Any CPU
		{FA135893-4BA8-450F-A6F8-5424529CD52A}.Debug|x64.ActiveCfg = Debug|Any CPU
		{FA135893-4BA8-450F-A6F8-5424529CD52A}.Debug|x64.Build.0 = Debug|Any CPU
		{FA135893-4BA8-450F-A6F8-5424529CD52A}.Debug|x86.ActiveCfg = Debug|Any CPU
		{FA135893-4BA8-450F-A6F8-5424529CD52A}.Debug|x86.Build.0 = Debug|Any CPU
		{FA135893-4BA8-450F-A6F8-5424529CD52A}.Release|Any CPU.ActiveCfg = Release|Any CPU
		{FA135893-4BA8-450F-A6F8-5424529CD52A}.Release|Any CPU.Build.0 = Release|Any CPU
		{FA135893-4BA8-450F-A6F8-5424529CD52A}.Release|x64.ActiveCfg = Release|Any CPU
		{FA135893-4BA8-450F-A6F8-5424529CD52A}.Release|x64.Build.0 = Release|Any CPU
		{FA135893-4BA8-450F-A6F8-5424529CD52A}.Release|x86.ActiveCfg = Release|Any CPU
		{FA135893-4BA8-450F-A6F8-5424529CD52A}.Release|x86.Build.0 = Release|Any CPU
		{03F9394B-09AB-4099-B8D8-7942666F365B}.Debug|Any CPU.ActiveCfg = Debug|Any CPU
		{03F9394B-09AB-4099-B8D8-7942666F365B}.Debug|Any CPU.Build.0 = Debug|Any CPU
		{03F9394B-09AB-4099-B8D8-7942666F365B}.Debug|x64.ActiveCfg = Debug|Any CPU
		{03F9394B-09AB-4099-B8D8-7942666F365B}.Debug|x64.Build.0 = Debug|Any CPU
		{03F9394B-09AB-4099-B8D8-7942666F365B}.Debug|x86.ActiveCfg = Debug|Any CPU
		{03F9394B-09AB-4099-B8D8-7942666F365B}.Debug|x86.Build.0 = Debug|Any CPU
		{03F9394B-09AB-4099-B8D8-7942666F365B}.Release|Any CPU.ActiveCfg = Release|Any CPU
		{03F9394B-09AB-4099-B8D8-7942666F365B}.Release|Any CPU.Build.0 = Release|Any CPU
		{03F9394B-09AB-4099-B8D8-7942666F365B}.Release|x64.ActiveCfg = Release|Any CPU
		{03F9394B-09AB-4099-B8D8-7942666F365B}.Release|x64.Build.0 = Release|Any CPU
		{03F9394B-09AB-4099-B8D8-7942666F365B}.Release|x86.ActiveCfg = Release|Any CPU
		{03F9394B-09AB-4099-B8D8-7942666F365B}.Release|x86.Build.0 = Release|Any CPU
		{57362AB2-1819-4B51-AD91-5EAC484A0810}.Debug|Any CPU.ActiveCfg = Debug|Any CPU
		{57362AB2-1819-4B51-AD91-5EAC484A0810}.Debug|Any CPU.Build.0 = Debug|Any CPU
		{57362AB2-1819-4B51-AD91-5EAC484A0810}.Debug|x64.ActiveCfg = Debug|Any CPU
		{57362AB2-1819-4B51-AD91-5EAC484A0810}.Debug|x64.Build.0 = Debug|Any CPU
		{57362AB2-1819-4B51-AD91-5EAC484A0810}.Debug|x86.ActiveCfg = Debug|Any CPU
		{57362AB2-1819-4B51-AD91-5EAC484A0810}.Debug|x86.Build.0 = Debug|Any CPU
		{57362AB2-1819-4B51-AD91-5EAC484A0810}.Release|Any CPU.ActiveCfg = Release|Any CPU
		{57362AB2-1819-4B51-AD91-5EAC484A0810}.Release|Any CPU.Build.0 = Release|Any CPU
		{57362AB2-1819-4B51-AD91-5EAC484A0810}.Release|x64.ActiveCfg = Release|Any CPU
		{57362AB2-1819-4B51-AD91-5EAC484A0810}.Release|x64.Build.0 = Release|Any CPU
		{57362AB2-1819-4B51-AD91-5EAC484A0810}.Release|x86.ActiveCfg = Release|Any CPU
		{57362AB2-1819-4B51-AD91-5EAC484A0810}.Release|x86.Build.0 = Release|Any CPU
		{4C68E9FF-A433-459E-BC52-DFAEB0F2CDA9}.Debug|Any CPU.ActiveCfg = Debug|Any CPU
		{4C68E9FF-A433-459E-BC52-DFAEB0F2CDA9}.Debug|Any CPU.Build.0 = Debug|Any CPU
		{4C68E9FF-A433-459E-BC52-DFAEB0F2CDA9}.Debug|x64.ActiveCfg = Debug|Any CPU
		{4C68E9FF-A433-459E-BC52-DFAEB0F2CDA9}.Debug|x64.Build.0 = Debug|Any CPU
		{4C68E9FF-A433-459E-BC52-DFAEB0F2CDA9}.Debug|x86.ActiveCfg = Debug|Any CPU
		{4C68E9FF-A433-459E-BC52-DFAEB0F2CDA9}.Debug|x86.Build.0 = Debug|Any CPU
		{4C68E9FF-A433-459E-BC52-DFAEB0F2CDA9}.Release|Any CPU.ActiveCfg = Release|Any CPU
		{4C68E9FF-A433-459E-BC52-DFAEB0F2CDA9}.Release|Any CPU.Build.0 = Release|Any CPU
		{4C68E9FF-A433-459E-BC52-DFAEB0F2CDA9}.Release|x64.ActiveCfg = Release|Any CPU
		{4C68E9FF-A433-459E-BC52-DFAEB0F2CDA9}.Release|x64.Build.0 = Release|Any CPU
		{4C68E9FF-A433-459E-BC52-DFAEB0F2CDA9}.Release|x86.ActiveCfg = Release|Any CPU
		{4C68E9FF-A433-459E-BC52-DFAEB0F2CDA9}.Release|x86.Build.0 = Release|Any CPU
		{98C02F36-E58F-49BF-BF7E-829112A6D35C}.Debug|Any CPU.ActiveCfg = Debug|Any CPU
		{98C02F36-E58F-49BF-BF7E-829112A6D35C}.Debug|Any CPU.Build.0 = Debug|Any CPU
		{98C02F36-E58F-49BF-BF7E-829112A6D35C}.Debug|x64.ActiveCfg = Debug|Any CPU
		{98C02F36-E58F-49BF-BF7E-829112A6D35C}.Debug|x64.Build.0 = Debug|Any CPU
		{98C02F36-E58F-49BF-BF7E-829112A6D35C}.Debug|x86.ActiveCfg = Debug|Any CPU
		{98C02F36-E58F-49BF-BF7E-829112A6D35C}.Debug|x86.Build.0 = Debug|Any CPU
		{98C02F36-E58F-49BF-BF7E-829112A6D35C}.Release|Any CPU.ActiveCfg = Release|Any CPU
		{98C02F36-E58F-49BF-BF7E-829112A6D35C}.Release|Any CPU.Build.0 = Release|Any CPU
		{98C02F36-E58F-49BF-BF7E-829112A6D35C}.Release|x64.ActiveCfg = Release|Any CPU
		{98C02F36-E58F-49BF-BF7E-829112A6D35C}.Release|x64.Build.0 = Release|Any CPU
		{98C02F36-E58F-49BF-BF7E-829112A6D35C}.Release|x86.ActiveCfg = Release|Any CPU
		{98C02F36-E58F-49BF-BF7E-829112A6D35C}.Release|x86.Build.0 = Release|Any CPU
		{11B0951B-E30B-4FC8-951E-3ACA50F1EE30}.Debug|Any CPU.ActiveCfg = Debug|Any CPU
		{11B0951B-E30B-4FC8-951E-3ACA50F1EE30}.Debug|Any CPU.Build.0 = Debug|Any CPU
		{11B0951B-E30B-4FC8-951E-3ACA50F1EE30}.Debug|x64.ActiveCfg = Debug|Any CPU
		{11B0951B-E30B-4FC8-951E-3ACA50F1EE30}.Debug|x64.Build.0 = Debug|Any CPU
		{11B0951B-E30B-4FC8-951E-3ACA50F1EE30}.Debug|x86.ActiveCfg = Debug|Any CPU
		{11B0951B-E30B-4FC8-951E-3ACA50F1EE30}.Debug|x86.Build.0 = Debug|Any CPU
		{11B0951B-E30B-4FC8-951E-3ACA50F1EE30}.Release|Any CPU.ActiveCfg = Release|Any CPU
		{11B0951B-E30B-4FC8-951E-3ACA50F1EE30}.Release|Any CPU.Build.0 = Release|Any CPU
		{11B0951B-E30B-4FC8-951E-3ACA50F1EE30}.Release|x64.ActiveCfg = Release|Any CPU
		{11B0951B-E30B-4FC8-951E-3ACA50F1EE30}.Release|x64.Build.0 = Release|Any CPU
		{11B0951B-E30B-4FC8-951E-3ACA50F1EE30}.Release|x86.ActiveCfg = Release|Any CPU
		{11B0951B-E30B-4FC8-951E-3ACA50F1EE30}.Release|x86.Build.0 = Release|Any CPU
		{D5BEF9B6-2868-43AB-8137-7D5119D0F172}.Debug|Any CPU.ActiveCfg = Debug|Any CPU
		{D5BEF9B6-2868-43AB-8137-7D5119D0F172}.Debug|Any CPU.Build.0 = Debug|Any CPU
		{D5BEF9B6-2868-43AB-8137-7D5119D0F172}.Debug|x64.ActiveCfg = Debug|Any CPU
		{D5BEF9B6-2868-43AB-8137-7D5119D0F172}.Debug|x64.Build.0 = Debug|Any CPU
		{D5BEF9B6-2868-43AB-8137-7D5119D0F172}.Debug|x86.ActiveCfg = Debug|Any CPU
		{D5BEF9B6-2868-43AB-8137-7D5119D0F172}.Debug|x86.Build.0 = Debug|Any CPU
		{D5BEF9B6-2868-43AB-8137-7D5119D0F172}.Release|Any CPU.ActiveCfg = Release|Any CPU
		{D5BEF9B6-2868-43AB-8137-7D5119D0F172}.Release|Any CPU.Build.0 = Release|Any CPU
		{D5BEF9B6-2868-43AB-8137-7D5119D0F172}.Release|x64.ActiveCfg = Release|Any CPU
		{D5BEF9B6-2868-43AB-8137-7D5119D0F172}.Release|x64.Build.0 = Release|Any CPU
		{D5BEF9B6-2868-43AB-8137-7D5119D0F172}.Release|x86.ActiveCfg = Release|Any CPU
		{D5BEF9B6-2868-43AB-8137-7D5119D0F172}.Release|x86.Build.0 = Release|Any CPU
		{13A7F175-23E7-41B9-B6B0-5711D533A360}.Debug|Any CPU.ActiveCfg = Debug|Any CPU
		{13A7F175-23E7-41B9-B6B0-5711D533A360}.Debug|Any CPU.Build.0 = Debug|Any CPU
		{13A7F175-23E7-41B9-B6B0-5711D533A360}.Debug|x64.ActiveCfg = Debug|Any CPU
		{13A7F175-23E7-41B9-B6B0-5711D533A360}.Debug|x64.Build.0 = Debug|Any CPU
		{13A7F175-23E7-41B9-B6B0-5711D533A360}.Debug|x86.ActiveCfg = Debug|Any CPU
		{13A7F175-23E7-41B9-B6B0-5711D533A360}.Debug|x86.Build.0 = Debug|Any CPU
		{13A7F175-23E7-41B9-B6B0-5711D533A360}.Release|Any CPU.ActiveCfg = Release|Any CPU
		{13A7F175-23E7-41B9-B6B0-5711D533A360}.Release|Any CPU.Build.0 = Release|Any CPU
		{13A7F175-23E7-41B9-B6B0-5711D533A360}.Release|x64.ActiveCfg = Release|Any CPU
		{13A7F175-23E7-41B9-B6B0-5711D533A360}.Release|x64.Build.0 = Release|Any CPU
		{13A7F175-23E7-41B9-B6B0-5711D533A360}.Release|x86.ActiveCfg = Release|Any CPU
		{13A7F175-23E7-41B9-B6B0-5711D533A360}.Release|x86.Build.0 = Release|Any CPU
		{AB012E2C-8834-42BA-8DB7-2DD694558406}.Debug|Any CPU.ActiveCfg = Debug|Any CPU
		{AB012E2C-8834-42BA-8DB7-2DD694558406}.Debug|Any CPU.Build.0 = Debug|Any CPU
		{AB012E2C-8834-42BA-8DB7-2DD694558406}.Debug|x64.ActiveCfg = Debug|Any CPU
		{AB012E2C-8834-42BA-8DB7-2DD694558406}.Debug|x64.Build.0 = Debug|Any CPU
		{AB012E2C-8834-42BA-8DB7-2DD694558406}.Debug|x86.ActiveCfg = Debug|Any CPU
		{AB012E2C-8834-42BA-8DB7-2DD694558406}.Debug|x86.Build.0 = Debug|Any CPU
		{AB012E2C-8834-42BA-8DB7-2DD694558406}.Release|Any CPU.ActiveCfg = Release|Any CPU
		{AB012E2C-8834-42BA-8DB7-2DD694558406}.Release|Any CPU.Build.0 = Release|Any CPU
		{AB012E2C-8834-42BA-8DB7-2DD694558406}.Release|x64.ActiveCfg = Release|Any CPU
		{AB012E2C-8834-42BA-8DB7-2DD694558406}.Release|x64.Build.0 = Release|Any CPU
		{AB012E2C-8834-42BA-8DB7-2DD694558406}.Release|x86.ActiveCfg = Release|Any CPU
		{AB012E2C-8834-42BA-8DB7-2DD694558406}.Release|x86.Build.0 = Release|Any CPU
		{429C67A0-138A-44C7-A2E3-E1A632EF84C4}.Debug|Any CPU.ActiveCfg = Debug|Any CPU
		{429C67A0-138A-44C7-A2E3-E1A632EF84C4}.Debug|Any CPU.Build.0 = Debug|Any CPU
		{429C67A0-138A-44C7-A2E3-E1A632EF84C4}.Debug|x64.ActiveCfg = Debug|Any CPU
		{429C67A0-138A-44C7-A2E3-E1A632EF84C4}.Debug|x64.Build.0 = Debug|Any CPU
		{429C67A0-138A-44C7-A2E3-E1A632EF84C4}.Debug|x86.ActiveCfg = Debug|Any CPU
		{429C67A0-138A-44C7-A2E3-E1A632EF84C4}.Debug|x86.Build.0 = Debug|Any CPU
		{429C67A0-138A-44C7-A2E3-E1A632EF84C4}.Release|Any CPU.ActiveCfg = Release|Any CPU
		{429C67A0-138A-44C7-A2E3-E1A632EF84C4}.Release|Any CPU.Build.0 = Release|Any CPU
		{429C67A0-138A-44C7-A2E3-E1A632EF84C4}.Release|x64.ActiveCfg = Release|Any CPU
		{429C67A0-138A-44C7-A2E3-E1A632EF84C4}.Release|x64.Build.0 = Release|Any CPU
		{429C67A0-138A-44C7-A2E3-E1A632EF84C4}.Release|x86.ActiveCfg = Release|Any CPU
		{429C67A0-138A-44C7-A2E3-E1A632EF84C4}.Release|x86.Build.0 = Release|Any CPU
		{FDAD84D3-0743-4690-B24E-485650490169}.Debug|Any CPU.ActiveCfg = Debug|Any CPU
		{FDAD84D3-0743-4690-B24E-485650490169}.Debug|Any CPU.Build.0 = Debug|Any CPU
		{FDAD84D3-0743-4690-B24E-485650490169}.Debug|x64.ActiveCfg = Debug|Any CPU
		{FDAD84D3-0743-4690-B24E-485650490169}.Debug|x64.Build.0 = Debug|Any CPU
		{FDAD84D3-0743-4690-B24E-485650490169}.Debug|x86.ActiveCfg = Debug|Any CPU
		{FDAD84D3-0743-4690-B24E-485650490169}.Debug|x86.Build.0 = Debug|Any CPU
		{FDAD84D3-0743-4690-B24E-485650490169}.Release|Any CPU.ActiveCfg = Release|Any CPU
		{FDAD84D3-0743-4690-B24E-485650490169}.Release|Any CPU.Build.0 = Release|Any CPU
		{FDAD84D3-0743-4690-B24E-485650490169}.Release|x64.ActiveCfg = Release|Any CPU
		{FDAD84D3-0743-4690-B24E-485650490169}.Release|x64.Build.0 = Release|Any CPU
		{FDAD84D3-0743-4690-B24E-485650490169}.Release|x86.ActiveCfg = Release|Any CPU
		{FDAD84D3-0743-4690-B24E-485650490169}.Release|x86.Build.0 = Release|Any CPU
		{38742147-4816-46D1-BCAF-6C58E5570F26}.Debug|Any CPU.ActiveCfg = Debug|Any CPU
		{38742147-4816-46D1-BCAF-6C58E5570F26}.Debug|Any CPU.Build.0 = Debug|Any CPU
		{38742147-4816-46D1-BCAF-6C58E5570F26}.Debug|x64.ActiveCfg = Debug|Any CPU
		{38742147-4816-46D1-BCAF-6C58E5570F26}.Debug|x64.Build.0 = Debug|Any CPU
		{38742147-4816-46D1-BCAF-6C58E5570F26}.Debug|x86.ActiveCfg = Debug|Any CPU
		{38742147-4816-46D1-BCAF-6C58E5570F26}.Debug|x86.Build.0 = Debug|Any CPU
		{38742147-4816-46D1-BCAF-6C58E5570F26}.Release|Any CPU.ActiveCfg = Release|Any CPU
		{38742147-4816-46D1-BCAF-6C58E5570F26}.Release|Any CPU.Build.0 = Release|Any CPU
		{38742147-4816-46D1-BCAF-6C58E5570F26}.Release|x64.ActiveCfg = Release|Any CPU
		{38742147-4816-46D1-BCAF-6C58E5570F26}.Release|x64.Build.0 = Release|Any CPU
		{38742147-4816-46D1-BCAF-6C58E5570F26}.Release|x86.ActiveCfg = Release|Any CPU
		{38742147-4816-46D1-BCAF-6C58E5570F26}.Release|x86.Build.0 = Release|Any CPU
		{7476C8A1-B984-4325-BEB3-0C5AEEAA9855}.Debug|Any CPU.ActiveCfg = Debug|Any CPU
		{7476C8A1-B984-4325-BEB3-0C5AEEAA9855}.Debug|Any CPU.Build.0 = Debug|Any CPU
		{7476C8A1-B984-4325-BEB3-0C5AEEAA9855}.Debug|x64.ActiveCfg = Debug|Any CPU
		{7476C8A1-B984-4325-BEB3-0C5AEEAA9855}.Debug|x64.Build.0 = Debug|Any CPU
		{7476C8A1-B984-4325-BEB3-0C5AEEAA9855}.Debug|x86.ActiveCfg = Debug|Any CPU
		{7476C8A1-B984-4325-BEB3-0C5AEEAA9855}.Debug|x86.Build.0 = Debug|Any CPU
		{7476C8A1-B984-4325-BEB3-0C5AEEAA9855}.Release|Any CPU.ActiveCfg = Release|Any CPU
		{7476C8A1-B984-4325-BEB3-0C5AEEAA9855}.Release|Any CPU.Build.0 = Release|Any CPU
		{7476C8A1-B984-4325-BEB3-0C5AEEAA9855}.Release|x64.ActiveCfg = Release|Any CPU
		{7476C8A1-B984-4325-BEB3-0C5AEEAA9855}.Release|x64.Build.0 = Release|Any CPU
		{7476C8A1-B984-4325-BEB3-0C5AEEAA9855}.Release|x86.ActiveCfg = Release|Any CPU
		{7476C8A1-B984-4325-BEB3-0C5AEEAA9855}.Release|x86.Build.0 = Release|Any CPU
	EndGlobalSection
EndGlobal
